{
  "name": "justgage",
  "version": "1.2.2",
  "lockfileVersion": 1,
  "requires": true,
  "dependencies": {
    "eve": {
      "version": "git://github.com/adobe-webplatform/eve.git#eef80ed8d188423c2272746fb8ae5cc8dad84cb1"
    },
    "webpack-raphael": {
      "version": "2.1.4",
      "resolved": "https://registry.npmjs.org/webpack-raphael/-/webpack-raphael-2.1.4.tgz",
      "integrity": "sha1-urmFNtYox2zSQcuj0KbMdkszBD4=",
      "requires": {
        "eve": "git://github.com/adobe-webplatform/eve.git#eef80ed8d188423c2272746fb8ae5cc8dad84cb1"
      }
    }
  }
}
